
Microsoft Visual Studio Solution File, Format Version 12.00
# Visual Studio Version 16
VisualStudioVersion = 16.0.33214.272
MinimumVisualStudioVersion = 10.0.40219.1
Project("{FAE04EC0-301F-11D3-BF4B-00C04F79EFBC}") = "hada-p2", "hada-p2\hada-p2.csproj", "{09B5B388-F929-48F8-BEFF-1C6971C6B169}"
EndProject
Global
	GlobalSection(SolutionConfigurationPlatforms) = preSolution
		Debug|Any CPU = Debug|Any CPU
		Release|Any CPU = Release|Any CPU
	EndGlobalSection
	GlobalSection(ProjectConfigurationPlatforms) = postSolution
		{09B5B388-F929-48F8-BEFF-1C6971C6B169}.Debug|Any CPU.ActiveCfg = Debug|Any CPU
		{09B5B388-F929-48F8-BEFF-1C6971C6B169}.Debug|Any CPU.Build.0 = Debug|Any CPU
		{09B5B388-F929-48F8-BEFF-1C6971C6B169}.Release|Any CPU.ActiveCfg = Release|Any CPU
		{09B5B388-F929-48F8-BEFF-1C6971C6B169}.Release|Any CPU.Build.0 = Release|Any CPU
	EndGlobalSection
	GlobalSection(SolutionProperties) = preSolution
		HideSolutionNode = FALSE
	EndGlobalSection
	GlobalSection(ExtensibilityGlobals) = postSolution
		SolutionGuid = {0F743803-BCBF-4A24-BBDD-F3A41A10C488}
	EndGlobalSection
EndGlobal
